
Microsoft Visual Studio Solution File, Format Version 12.00
# Visual Studio Version 17
VisualStudioVersion = 17.9.34902.65
MinimumVisualStudioVersion = 10.0.40219.1
Project("{9A19103F-16F7-4668-BE54-9A1E7A4F7556}") = "BulkyWeb", "BulkyWeb\BulkyWeb.csproj", "{3B232D15-3346-45A4-B7B9-04BF7482ED93}"
EndProject
Project("{FAE04EC0-301F-11D3-BF4B-00C04F79EFBC}") = "Bulky.DataAccess", "Bulky.DataAccess\Bulky.DataAccess.csproj", "{4A54400D-0F17-4709-92EE-5ED771820355}"
EndProject
Project("{FAE04EC0-301F-11D3-BF4B-00C04F79EFBC}") = "Bulky.Models", "Bulky.Models\Bulky.Models.csproj", "{685C84E0-1553-4DAD-A34A-3438D3856CB7}"
EndProject
Project("{FAE04EC0-301F-11D3-BF4B-00C04F79EFBC}") = "Bulky.Utility", "Bulky.Utility\Bulky.Utility.csproj", "{E019C5C5-065D-4D96-8C30-5D16E07F45C8}"
EndProject
Global
	GlobalSection(SolutionConfigurationPlatforms) = preSolution
		Debug|Any CPU = Debug|Any CPU
		Release|Any CPU = Release|Any CPU
	EndGlobalSection
	GlobalSection(ProjectConfigurationPlatforms) = postSolution
		{3B232D15-3346-45A4-B7B9-04BF7482ED93}.Debug|Any CPU.ActiveCfg = Debug|Any CPU
		{3B232D15-3346-45A4-B7B9-04BF7482ED93}.Debug|Any CPU.Build.0 = Debug|Any CPU
		{3B232D15-3346-45A4-B7B9-04BF7482ED93}.Release|Any CPU.ActiveCfg = Release|Any CPU
		{3B232D15-3346-45A4-B7B9-04BF7482ED93}.Release|Any CPU.Build.0 = Release|Any CPU
		{4A54400D-0F17-4709-92EE-5ED771820355}.Debug|Any CPU.ActiveCfg = Debug|Any CPU
		{4A54400D-0F17-4709-92EE-5ED771820355}.Debug|Any CPU.Build.0 = Debug|Any CPU
		{4A54400D-0F17-4709-92EE-5ED771820355}.Release|Any CPU.ActiveCfg = Release|Any CPU
		{4A54400D-0F17-4709-92EE-5ED771820355}.Release|Any CPU.Build.0 = Release|Any CPU
		{685C84E0-1553-4DAD-A34A-3438D3856CB7}.Debug|Any CPU.ActiveCfg = Debug|Any CPU
		{685C84E0-1553-4DAD-A34A-3438D3856CB7}.Debug|Any CPU.Build.0 = Debug|Any CPU
		{685C84E0-1553-4DAD-A34A-3438D3856CB7}.Release|Any CPU.ActiveCfg = Release|Any CPU
		{685C84E0-1553-4DAD-A34A-3438D3856CB7}.Release|Any CPU.Build.0 = Release|Any CPU
		{E019C5C5-065D-4D96-8C30-5D16E07F45C8}.Debug|Any CPU.ActiveCfg = Debug|Any CPU
		{E019C5C5-065D-4D96-8C30-5D16E07F45C8}.Debug|Any CPU.Build.0 = Debug|Any CPU
		{E019C5C5-065D-4D96-8C30-5D16E07F45C8}.Release|Any CPU.ActiveCfg = Release|Any CPU
		{E019C5C5-065D-4D96-8C30-5D16E07F45C8}.Release|Any CPU.Build.0 = Release|Any CPU
	EndGlobalSection
	GlobalSection(SolutionProperties) = preSolution
		HideSolutionNode = FALSE
	EndGlobalSection
	GlobalSection(ExtensibilityGlobals) = postSolution
		SolutionGuid = {018CF071-C72A-47E1-978D-A8C46D034333}
	EndGlobalSection
EndGlobal
